
Microsoft Visual Studio Solution File, Format Version 12.00
Project("{2150E333-8FDC-42A3-9474-1A3956D46DE8}") = "GitHub", "GitHub", "{46167F95-CA9A-447D-98C6-301740931BB8}"
	ProjectSection(SolutionItems) = preProject
		.github\dependabot.yml = .github\dependabot.yml
	EndProjectSection
EndProject
Project("{2150E333-8FDC-42A3-9474-1A3956D46DE8}") = "Workflows", "Workflows", "{41F49A01-2256-4B61-9458-F1F4FC3FCD7D}"
	ProjectSection(SolutionItems) = preProject
		.github\workflows\sims-toolkit-build-macos.yml = .github\workflows\sims-toolkit-build-macos.yml
		.github\workflows\sims-toolkit-build-reports.yml = .github\workflows\sims-toolkit-build-reports.yml
		.github\workflows\sims-toolkit-build-windows.yml = .github\workflows\sims-toolkit-build-windows.yml
		.github\workflows\sims-toolkit-sonarcloud.yml = .github\workflows\sims-toolkit-sonarcloud.yml
	EndProjectSection
EndProject
Project("{2150E333-8FDC-42A3-9474-1A3956D46DE8}") = "Documentation", "Documentation", "{78DDA65B-DEB5-402B-9743-D866D7CFE746}"
	ProjectSection(SolutionItems) = preProject
		CODE_OF_CONDUCT.md = CODE_OF_CONDUCT.md
		LICENSE.md = LICENSE.md
		README.md = README.md
	EndProjectSection
EndProject
Project("{2150E333-8FDC-42A3-9474-1A3956D46DE8}") = "Configuration", "Configuration", "{12E6BA8D-8594-4258-8909-1235D7456891}"
	ProjectSection(SolutionItems) = preProject
		.gitignore = .gitignore
		.wakatime-project = .wakatime-project
	EndProjectSection
EndProject
Project("{2150E333-8FDC-42A3-9474-1A3956D46DE8}") = "Tests", "Tests", "{6B400E68-8B40-463A-8958-C831DF340547}"
EndProject
Project("{FAE04EC0-301F-11D3-BF4B-00C04F79EFBC}") = "Sims.Toolkit.Api.Tests", "Sims.Toolkit.Api.Tests\Sims.Toolkit.Api.Tests.csproj", "{2384A01F-576E-479F-B714-5A5F8EA5A856}"
EndProject
Project("{FAE04EC0-301F-11D3-BF4B-00C04F79EFBC}") = "Sims.Toolkit.Api.Plugin.Core.Platform.Tests", "Sims.Toolkit.Api.Plugin.Core.Platform.Tests\Sims.Toolkit.Api.Plugin.Core.Platform.Tests.csproj", "{441F9703-3A41-4781-B12D-356719977373}"
EndProject
Project("{2150E333-8FDC-42A3-9474-1A3956D46DE8}") = "Api", "Api", "{D987EF4C-591F-445F-BFF6-A764A0F84485}"
EndProject
Project("{FAE04EC0-301F-11D3-BF4B-00C04F79EFBC}") = "Sims.Toolkit.Api", "Sims.Toolkit.Api\Sims.Toolkit.Api.csproj", "{5E9B5A0B-3980-4A24-AB60-45479D3424D6}"
EndProject
Project("{FAE04EC0-301F-11D3-BF4B-00C04F79EFBC}") = "Sims.Toolkit.Api.Plugin", "Sims.Toolkit.Api.Plugin\Sims.Toolkit.Api.Plugin.csproj", "{B7092781-5D0B-4F13-9225-808D0FF0279A}"
EndProject
Project("{FAE04EC0-301F-11D3-BF4B-00C04F79EFBC}") = "Sims.Toolkit.Api.Plugin.Core.Platform", "Sims.Toolkit.Api.Plugin.Core.Platform\Sims.Toolkit.Api.Plugin.Core.Platform.csproj", "{870FF9A0-9D1B-4A5F-9854-A048A8FF9F84}"
EndProject
Project("{2150E333-8FDC-42A3-9474-1A3956D46DE8}") = "Terminal", "Terminal", "{3E656E6D-9CF9-4B6E-9A71-8CADFD684CB8}"
EndProject
Project("{FAE04EC0-301F-11D3-BF4B-00C04F79EFBC}") = "Sims.Toolkit.Terminal", "Sims.Toolkit.Terminal\Sims.Toolkit.Terminal.csproj", "{EBEFF264-2CE7-4DD5-B42B-9EBF11815CB2}"
EndProject
Global
	GlobalSection(SolutionConfigurationPlatforms) = preSolution
		Debug|Any CPU = Debug|Any CPU
		Release|Any CPU = Release|Any CPU
	EndGlobalSection
	GlobalSection(ProjectConfigurationPlatforms) = postSolution
		{2384A01F-576E-479F-B714-5A5F8EA5A856}.Debug|Any CPU.ActiveCfg = Debug|Any CPU
		{2384A01F-576E-479F-B714-5A5F8EA5A856}.Debug|Any CPU.Build.0 = Debug|Any CPU
		{2384A01F-576E-479F-B714-5A5F8EA5A856}.Release|Any CPU.ActiveCfg = Release|Any CPU
		{2384A01F-576E-479F-B714-5A5F8EA5A856}.Release|Any CPU.Build.0 = Release|Any CPU
		{441F9703-3A41-4781-B12D-356719977373}.Debug|Any CPU.ActiveCfg = Debug|Any CPU
		{441F9703-3A41-4781-B12D-356719977373}.Debug|Any CPU.Build.0 = Debug|Any CPU
		{441F9703-3A41-4781-B12D-356719977373}.Release|Any CPU.ActiveCfg = Release|Any CPU
		{441F9703-3A41-4781-B12D-356719977373}.Release|Any CPU.Build.0 = Release|Any CPU
		{5E9B5A0B-3980-4A24-AB60-45479D3424D6}.Debug|Any CPU.ActiveCfg = Debug|Any CPU
		{5E9B5A0B-3980-4A24-AB60-45479D3424D6}.Debug|Any CPU.Build.0 = Debug|Any CPU
		{5E9B5A0B-3980-4A24-AB60-45479D3424D6}.Release|Any CPU.ActiveCfg = Release|Any CPU
		{5E9B5A0B-3980-4A24-AB60-45479D3424D6}.Release|Any CPU.Build.0 = Release|Any CPU
		{B7092781-5D0B-4F13-9225-808D0FF0279A}.Debug|Any CPU.ActiveCfg = Debug|Any CPU
		{B7092781-5D0B-4F13-9225-808D0FF0279A}.Debug|Any CPU.Build.0 = Debug|Any CPU
		{B7092781-5D0B-4F13-9225-808D0FF0279A}.Release|Any CPU.ActiveCfg = Release|Any CPU
		{B7092781-5D0B-4F13-9225-808D0FF0279A}.Release|Any CPU.Build.0 = Release|Any CPU
		{870FF9A0-9D1B-4A5F-9854-A048A8FF9F84}.Debug|Any CPU.ActiveCfg = Debug|Any CPU
		{870FF9A0-9D1B-4A5F-9854-A048A8FF9F84}.Debug|Any CPU.Build.0 = Debug|Any CPU
		{870FF9A0-9D1B-4A5F-9854-A048A8FF9F84}.Release|Any CPU.ActiveCfg = Release|Any CPU
		{870FF9A0-9D1B-4A5F-9854-A048A8FF9F84}.Release|Any CPU.Build.0 = Release|Any CPU
		{EBEFF264-2CE7-4DD5-B42B-9EBF11815CB2}.Debug|Any CPU.ActiveCfg = Debug|Any CPU
		{EBEFF264-2CE7-4DD5-B42B-9EBF11815CB2}.Debug|Any CPU.Build.0 = Debug|Any CPU
		{EBEFF264-2CE7-4DD5-B42B-9EBF11815CB2}.Release|Any CPU.ActiveCfg = Release|Any CPU
		{EBEFF264-2CE7-4DD5-B42B-9EBF11815CB2}.Release|Any CPU.Build.0 = Release|Any CPU
	EndGlobalSection
	GlobalSection(NestedProjects) = preSolution
		{41F49A01-2256-4B61-9458-F1F4FC3FCD7D} = {46167F95-CA9A-447D-98C6-301740931BB8}
		{2384A01F-576E-479F-B714-5A5F8EA5A856} = {6B400E68-8B40-463A-8958-C831DF340547}
		{441F9703-3A41-4781-B12D-356719977373} = {6B400E68-8B40-463A-8958-C831DF340547}
		{5E9B5A0B-3980-4A24-AB60-45479D3424D6} = {D987EF4C-591F-445F-BFF6-A764A0F84485}
		{B7092781-5D0B-4F13-9225-808D0FF0279A} = {D987EF4C-591F-445F-BFF6-A764A0F84485}
		{870FF9A0-9D1B-4A5F-9854-A048A8FF9F84} = {D987EF4C-591F-445F-BFF6-A764A0F84485}
		{EBEFF264-2CE7-4DD5-B42B-9EBF11815CB2} = {3E656E6D-9CF9-4B6E-9A71-8CADFD684CB8}
	EndGlobalSection
EndGlobal
