
Microsoft Visual Studio Solution File, Format Version 12.00
Project("{FAE04EC0-301F-11D3-BF4B-00C04F79EFBC}") = "Sims.Toolkit.Console", "Sims.Toolkit.Console\Sims.Toolkit.Console.csproj", "{EBC02304-ED2E-4567-9DA6-7F3E032828C0}"
EndProject
Project("{FAE04EC0-301F-11D3-BF4B-00C04F79EFBC}") = "Sims.Toolkit.UI", "Sims.Toolkit.UI\Sims.Toolkit.UI.csproj", "{9E06AA41-743E-440B-AC68-21F31D7ECDCC}"
EndProject
Project("{FAE04EC0-301F-11D3-BF4B-00C04F79EFBC}") = "Sims.Toolkit.Api", "Sims.Toolkit.Api\Sims.Toolkit.Api.csproj", "{B758EAF6-36FA-43BE-A02A-1260B75BD0FB}"
EndProject
Project("{FAE04EC0-301F-11D3-BF4B-00C04F79EFBC}") = "Sims.Toolkit.Platform.Mac", "Sims.Toolkit.Platform.Mac\Sims.Toolkit.Platform.Mac.csproj", "{DC32C1E1-CA94-4A19-84D1-F94D325D642A}"
EndProject
Project("{FAE04EC0-301F-11D3-BF4B-00C04F79EFBC}") = "Sims.Toolkit.Platform.Windows", "Sims.Toolkit.Platform.Windows\Sims.Toolkit.Platform.Windows.csproj", "{7F130EDA-0F65-4D8C-95A7-F3C377BBC84B}"
EndProject
Project("{FAE04EC0-301F-11D3-BF4B-00C04F79EFBC}") = "Sims.Toolkit.Api.Tests", "Sims.Toolkit.Api.Tests\Sims.Toolkit.Api.Tests.csproj", "{2CBD1E78-B9E6-4185-A6E6-230527FC3E11}"
EndProject
Project("{2150E333-8FDC-42A3-9474-1A3956D46DE8}") = "GitHub", "GitHub", "{46167F95-CA9A-447D-98C6-301740931BB8}"
	ProjectSection(SolutionItems) = preProject
		.github\dependabot.yml = .github\dependabot.yml
	EndProjectSection
EndProject
Project("{2150E333-8FDC-42A3-9474-1A3956D46DE8}") = "Workflows", "Workflows", "{41F49A01-2256-4B61-9458-F1F4FC3FCD7D}"
	ProjectSection(SolutionItems) = preProject
		.github\workflows\sims-toolkit-build-macos.yml = .github\workflows\sims-toolkit-build-macos.yml
		.github\workflows\sims-toolkit-build-reports.yml = .github\workflows\sims-toolkit-build-reports.yml
		.github\workflows\sims-toolkit-build-windows.yml = .github\workflows\sims-toolkit-build-windows.yml
		.github\workflows\sims-toolkit-sonarcloud.yml = .github\workflows\sims-toolkit-sonarcloud.yml
	EndProjectSection
EndProject
Project("{2150E333-8FDC-42A3-9474-1A3956D46DE8}") = "Documentation", "Documentation", "{78DDA65B-DEB5-402B-9743-D866D7CFE746}"
	ProjectSection(SolutionItems) = preProject
		CODE_OF_CONDUCT.md = CODE_OF_CONDUCT.md
		LICENSE.md = LICENSE.md
		README.md = README.md
	EndProjectSection
EndProject
Project("{2150E333-8FDC-42A3-9474-1A3956D46DE8}") = "Configuration", "Configuration", "{12E6BA8D-8594-4258-8909-1235D7456891}"
	ProjectSection(SolutionItems) = preProject
		.gitignore = .gitignore
		.wakatime-project = .wakatime-project
	EndProjectSection
EndProject
Project("{FAE04EC0-301F-11D3-BF4B-00C04F79EFBC}") = "Sims.Toolkit.Api.Plugin", "Sims.Toolkit.Api.Plugin\Sims.Toolkit.Api.Plugin.csproj", "{0343FCFE-1882-4678-893F-A6991E20DD7F}"
EndProject
Project("{FAE04EC0-301F-11D3-BF4B-00C04F79EFBC}") = "Sims.Toolkit.Api.Assets", "Sims.Toolkit.Api.Assets\Sims.Toolkit.Api.Assets.csproj", "{3D58E854-341F-4378-A43E-CE5D9D7433D4}"
EndProject
Global
	GlobalSection(SolutionConfigurationPlatforms) = preSolution
		Debug|Any CPU = Debug|Any CPU
		Release|Any CPU = Release|Any CPU
	EndGlobalSection
	GlobalSection(ProjectConfigurationPlatforms) = postSolution
		{EBC02304-ED2E-4567-9DA6-7F3E032828C0}.Debug|Any CPU.ActiveCfg = Debug|Any CPU
		{EBC02304-ED2E-4567-9DA6-7F3E032828C0}.Debug|Any CPU.Build.0 = Debug|Any CPU
		{EBC02304-ED2E-4567-9DA6-7F3E032828C0}.Release|Any CPU.ActiveCfg = Release|Any CPU
		{EBC02304-ED2E-4567-9DA6-7F3E032828C0}.Release|Any CPU.Build.0 = Release|Any CPU
		{9E06AA41-743E-440B-AC68-21F31D7ECDCC}.Debug|Any CPU.ActiveCfg = Debug|Any CPU
		{9E06AA41-743E-440B-AC68-21F31D7ECDCC}.Debug|Any CPU.Build.0 = Debug|Any CPU
		{9E06AA41-743E-440B-AC68-21F31D7ECDCC}.Release|Any CPU.ActiveCfg = Release|Any CPU
		{9E06AA41-743E-440B-AC68-21F31D7ECDCC}.Release|Any CPU.Build.0 = Release|Any CPU
		{B758EAF6-36FA-43BE-A02A-1260B75BD0FB}.Debug|Any CPU.ActiveCfg = Debug|Any CPU
		{B758EAF6-36FA-43BE-A02A-1260B75BD0FB}.Debug|Any CPU.Build.0 = Debug|Any CPU
		{B758EAF6-36FA-43BE-A02A-1260B75BD0FB}.Release|Any CPU.ActiveCfg = Release|Any CPU
		{B758EAF6-36FA-43BE-A02A-1260B75BD0FB}.Release|Any CPU.Build.0 = Release|Any CPU
		{DC32C1E1-CA94-4A19-84D1-F94D325D642A}.Debug|Any CPU.ActiveCfg = Debug|Any CPU
		{DC32C1E1-CA94-4A19-84D1-F94D325D642A}.Debug|Any CPU.Build.0 = Debug|Any CPU
		{DC32C1E1-CA94-4A19-84D1-F94D325D642A}.Release|Any CPU.ActiveCfg = Release|Any CPU
		{DC32C1E1-CA94-4A19-84D1-F94D325D642A}.Release|Any CPU.Build.0 = Release|Any CPU
		{7F130EDA-0F65-4D8C-95A7-F3C377BBC84B}.Debug|Any CPU.ActiveCfg = Debug|Any CPU
		{7F130EDA-0F65-4D8C-95A7-F3C377BBC84B}.Debug|Any CPU.Build.0 = Debug|Any CPU
		{7F130EDA-0F65-4D8C-95A7-F3C377BBC84B}.Release|Any CPU.ActiveCfg = Release|Any CPU
		{7F130EDA-0F65-4D8C-95A7-F3C377BBC84B}.Release|Any CPU.Build.0 = Release|Any CPU
		{2CBD1E78-B9E6-4185-A6E6-230527FC3E11}.Debug|Any CPU.ActiveCfg = Debug|Any CPU
		{2CBD1E78-B9E6-4185-A6E6-230527FC3E11}.Debug|Any CPU.Build.0 = Debug|Any CPU
		{2CBD1E78-B9E6-4185-A6E6-230527FC3E11}.Release|Any CPU.ActiveCfg = Release|Any CPU
		{2CBD1E78-B9E6-4185-A6E6-230527FC3E11}.Release|Any CPU.Build.0 = Release|Any CPU
		{0343FCFE-1882-4678-893F-A6991E20DD7F}.Debug|Any CPU.ActiveCfg = Debug|Any CPU
		{0343FCFE-1882-4678-893F-A6991E20DD7F}.Debug|Any CPU.Build.0 = Debug|Any CPU
		{0343FCFE-1882-4678-893F-A6991E20DD7F}.Release|Any CPU.ActiveCfg = Release|Any CPU
		{0343FCFE-1882-4678-893F-A6991E20DD7F}.Release|Any CPU.Build.0 = Release|Any CPU
		{3D58E854-341F-4378-A43E-CE5D9D7433D4}.Debug|Any CPU.ActiveCfg = Debug|Any CPU
		{3D58E854-341F-4378-A43E-CE5D9D7433D4}.Debug|Any CPU.Build.0 = Debug|Any CPU
		{3D58E854-341F-4378-A43E-CE5D9D7433D4}.Release|Any CPU.ActiveCfg = Release|Any CPU
		{3D58E854-341F-4378-A43E-CE5D9D7433D4}.Release|Any CPU.Build.0 = Release|Any CPU
	EndGlobalSection
	GlobalSection(NestedProjects) = preSolution
		{41F49A01-2256-4B61-9458-F1F4FC3FCD7D} = {46167F95-CA9A-447D-98C6-301740931BB8}
	EndGlobalSection
EndGlobal
